<?xml version="1.0"?>
<CONFIG>
  <ProjectOptions>
    <Version Value="9"/>
    <PathDelim Value="\"/>
    <General>
      <MainUnit Value="0"/>
      <Title Value="NodeExplorer"/>
      <ResourceType Value="res"/>
      <UseXPManifest Value="True"/>
      <Icon Value="0"/>
      <ActiveWindowIndexAtStart Value="0"/>
    </General>
    <i18n>
      <EnableI18N LFM="False"/>
    </i18n>
    <VersionInfo>
      <StringTable ProductVersion=""/>
    </VersionInfo>
    <BuildModes Count="1" Active="Default">
      <Item1 Name="Default" Default="True"/>
    </BuildModes>
    <PublishOptions>
      <Version Value="2"/>
      <IncludeFileFilter Value="*.(pas|pp|inc|lfm|lpr|lrs|lpi|lpk|sh|xml)"/>
      <ExcludeFileFilter Value="*.(bak|ppu|o|so);*~;backup"/>
    </PublishOptions>
    <RunParams>
      <local>
        <FormatVersion Value="1"/>
        <LaunchingApplication PathPlusParams="\usr\bin\xterm -T 'Lazarus Run Output' -e $(LazarusDir)\tools\runwait.sh $(TargetCmdLine)"/>
      </local>
    </RunParams>
    <RequiredPackages Count="4">
      <Item1>
        <PackageName Value="RackCtlsPkg"/>
      </Item1>
      <Item2>
        <PackageName Value="RunTimeTypeInfoControls"/>
      </Item2>
      <Item3>
        <PackageName Value="SynEdit"/>
      </Item3>
      <Item4>
        <PackageName Value="LCL"/>
      </Item4>
    </RequiredPackages>
    <Units Count="48">
      <Unit0>
        <Filename Value="NodeExplorer.lpr"/>
        <IsPartOfProject Value="True"/>
        <UnitName Value="NodeExplorer"/>
        <EditorIndex Value="2"/>
        <WindowIndex Value="0"/>
        <TopLine Value="1"/>
        <CursorPos X="14" Y="13"/>
        <UsageCount Value="201"/>
        <Loaded Value="True"/>
      </Unit0>
      <Unit1>
        <Filename Value="unitmainform.pas"/>
        <IsPartOfProject Value="True"/>
        <ComponentName Value="FormMain"/>
        <HasResources Value="True"/>
        <ResourceBaseClass Value="Form"/>
        <UnitName Value="UnitMainForm"/>
        <IsVisibleTab Value="True"/>
        <EditorIndex Value="1"/>
        <WindowIndex Value="0"/>
        <TopLine Value="516"/>
        <CursorPos X="24" Y="524"/>
        <UsageCount Value="201"/>
        <Loaded Value="True"/>
        <LoadedDesigner Value="True"/>
      </Unit1>
      <Unit2>
        <Filename Value="unitlogwindow.pas"/>
        <IsPartOfProject Value="True"/>
        <ComponentName Value="FormLog"/>
        <HasResources Value="True"/>
        <ResourceBaseClass Value="Form"/>
        <UnitName Value="unitlogwindow"/>
        <EditorIndex Value="0"/>
        <WindowIndex Value="0"/>
        <TopLine Value="18"/>
        <CursorPos X="32" Y="26"/>
        <UsageCount Value="201"/>
        <Loaded Value="True"/>
        <LoadedDesigner Value="True"/>
      </Unit2>
      <Unit3>
        <Filename Value="C:\lazarus\lcl\include\control.inc"/>
        <WindowIndex Value="0"/>
        <TopLine Value="3647"/>
        <CursorPos X="1" Y="3664"/>
        <UsageCount Value="11"/>
      </Unit3>
      <Unit4>
        <Filename Value="Z:\synapse40\source\lib\synaser.pas"/>
        <UnitName Value="synaser"/>
        <WindowIndex Value="0"/>
        <TopLine Value="761"/>
        <CursorPos X="10" Y="778"/>
        <UsageCount Value="48"/>
      </Unit4>
      <Unit5>
        <Filename Value="Z:\synapse40\source\lib\synautil.pas"/>
        <UnitName Value="synautil"/>
        <WindowIndex Value="0"/>
        <TopLine Value="843"/>
        <CursorPos X="41" Y="864"/>
        <UsageCount Value="47"/>
      </Unit5>
      <Unit6>
        <Filename Value="Y:\usr\local\share\fpcsrc\rtl\unix\bunxovlh.inc"/>
        <WindowIndex Value="0"/>
        <TopLine Value="1"/>
        <CursorPos X="41" Y="15"/>
        <UsageCount Value="47"/>
      </Unit6>
      <Unit7>
        <Filename Value="Y:\usr\local\share\fpcsrc\rtl\bsd\ostypes.inc"/>
        <WindowIndex Value="0"/>
        <TopLine Value="201"/>
        <CursorPos X="41" Y="243"/>
        <UsageCount Value="47"/>
      </Unit7>
      <Unit8>
        <Filename Value="Y:\usr\local\share\fpcsrc\rtl\unix\bunxh.inc"/>
        <WindowIndex Value="0"/>
        <TopLine Value="71"/>
        <CursorPos X="15" Y="96"/>
        <UsageCount Value="47"/>
      </Unit8>
      <Unit9>
        <Filename Value="Y:\Developer\lazarus\lcl\include\control.inc"/>
        <WindowIndex Value="0"/>
        <TopLine Value="2840"/>
        <CursorPos X="1" Y="2808"/>
        <UsageCount Value="47"/>
      </Unit9>
      <Unit10>
        <Filename Value="Y:\usr\local\share\fpcsrc\rtl\darwin\termios.inc"/>
        <WindowIndex Value="0"/>
        <TopLine Value="62"/>
        <CursorPos X="30" Y="372"/>
        <UsageCount Value="47"/>
      </Unit10>
      <Unit11>
        <Filename Value="Y:\usr\local\share\fpcsrc\rtl\darwin\termio.pp"/>
        <UnitName Value="termio"/>
        <WindowIndex Value="0"/>
        <TopLine Value="1"/>
        <CursorPos X="12" Y="17"/>
        <UsageCount Value="25"/>
      </Unit11>
      <Unit12>
        <Filename Value="Y:\usr\local\share\fpcsrc\rtl\unix\baseunix.pp"/>
        <UnitName Value="BaseUnix"/>
        <WindowIndex Value="0"/>
        <TopLine Value="1"/>
        <CursorPos X="1" Y="1"/>
        <UsageCount Value="25"/>
      </Unit12>
      <Unit13>
        <Filename Value="Y:\usr\local\share\fpcsrc\rtl\unix\termiosh.inc"/>
        <WindowIndex Value="0"/>
        <TopLine Value="1"/>
        <CursorPos X="11" Y="18"/>
        <UsageCount Value="25"/>
      </Unit13>
      <Unit14>
        <Filename Value="Y:\usr\local\share\fpcsrc\rtl\inc\systemh.inc"/>
        <WindowIndex Value="0"/>
        <TopLine Value="232"/>
        <CursorPos X="3" Y="253"/>
        <UsageCount Value="2"/>
      </Unit14>
      <Unit15>
        <Filename Value="W:\synapse40\source\lib\synaser.pas"/>
        <UnitName Value="synaser"/>
        <WindowIndex Value="0"/>
        <TopLine Value="518"/>
        <CursorPos X="27" Y="549"/>
        <UsageCount Value="5"/>
      </Unit15>
      <Unit16>
        <Filename Value="olcb_utilities.pas"/>
        <IsPartOfProject Value="True"/>
        <UnitName Value="olcb_utilities"/>
        <EditorIndex Value="4"/>
        <WindowIndex Value="0"/>
        <TopLine Value="1"/>
        <CursorPos X="1" Y="152"/>
        <UsageCount Value="200"/>
        <Loaded Value="True"/>
      </Unit16>
      <Unit17>
        <Filename Value="olcb_stringconstants.pas"/>
        <IsPartOfProject Value="True"/>
        <UnitName Value="olcb_stringconstants"/>
        <WindowIndex Value="0"/>
        <TopLine Value="1"/>
        <CursorPos X="26" Y="1"/>
        <UsageCount Value="200"/>
      </Unit17>
      <Unit18>
        <Filename Value="unitolcb_defines.pas"/>
        <IsPartOfProject Value="True"/>
        <UnitName Value="unitolcb_defines"/>
        <EditorIndex Value="5"/>
        <WindowIndex Value="0"/>
        <TopLine Value="72"/>
        <CursorPos X="104" Y="105"/>
        <UsageCount Value="200"/>
        <Loaded Value="True"/>
      </Unit18>
      <Unit19>
        <Filename Value="unitsettings.pas"/>
        <IsPartOfProject Value="True"/>
        <ComponentName Value="FormSettings"/>
        <HasResources Value="True"/>
        <ResourceBaseClass Value="Form"/>
        <UnitName Value="unitsettings"/>
        <EditorIndex Value="3"/>
        <WindowIndex Value="0"/>
        <TopLine Value="1"/>
        <CursorPos X="1" Y="34"/>
        <UsageCount Value="245"/>
        <Loaded Value="True"/>
      </Unit19>
      <Unit20>
        <Filename Value="C:\lazarus\fpc\2.6.0\source\packages\fcl-xml\src\dom.pp"/>
        <UnitName Value="DOM"/>
        <WindowIndex Value="0"/>
        <TopLine Value="250"/>
        <CursorPos X="47" Y="394"/>
        <UsageCount Value="2"/>
      </Unit20>
      <Unit21>
        <Filename Value="serialport_thread.pas"/>
        <IsPartOfProject Value="True"/>
        <UnitName Value="serialport_thread"/>
        <EditorIndex Value="7"/>
        <WindowIndex Value="0"/>
        <TopLine Value="251"/>
        <CursorPos X="77" Y="258"/>
        <UsageCount Value="209"/>
        <Loaded Value="True"/>
      </Unit21>
      <Unit22>
        <Filename Value="olcb_testmatrix.pas"/>
        <IsPartOfProject Value="True"/>
        <UnitName Value="olcb_testmatrix"/>
        <EditorIndex Value="6"/>
        <WindowIndex Value="0"/>
        <TopLine Value="29"/>
        <CursorPos X="3" Y="46"/>
        <UsageCount Value="209"/>
        <Loaded Value="True"/>
      </Unit22>
      <Unit23>
        <Filename Value="nodeexplorer_settings.pas"/>
        <IsPartOfProject Value="True"/>
        <UnitName Value="nodeexplorer_settings"/>
        <EditorIndex Value="8"/>
        <WindowIndex Value="0"/>
        <TopLine Value="1"/>
        <CursorPos X="1" Y="84"/>
        <UsageCount Value="209"/>
        <Loaded Value="True"/>
      </Unit23>
      <Unit24>
        <Filename Value="W:\Developer\lazarus\components\anchordocking\anchordocking.pas"/>
        <UnitName Value="AnchorDocking"/>
        <WindowIndex Value="0"/>
        <TopLine Value="92"/>
        <CursorPos X="11" Y="1584"/>
        <UsageCount Value="7"/>
      </Unit24>
      <Unit25>
        <Filename Value="W:\usr\local\share\fpcsrc\rtl\morphos\graphics.pas"/>
        <UnitName Value="graphics"/>
        <WindowIndex Value="0"/>
        <TopLine Value="2054"/>
        <CursorPos X="40" Y="2199"/>
        <UsageCount Value="7"/>
      </Unit25>
      <Unit26>
        <Filename Value="W:\Developer\lazarus\components\lazutils\lazlogger.pas"/>
        <UnitName Value="LazLogger"/>
        <WindowIndex Value="0"/>
        <TopLine Value="687"/>
        <CursorPos X="1" Y="774"/>
        <UsageCount Value="7"/>
      </Unit26>
      <Unit27>
        <Filename Value="W:\Developer\lazarus\components\lazutils\LazLoggerIntf.inc"/>
        <WindowIndex Value="0"/>
        <TopLine Value="1"/>
        <CursorPos X="11" Y="13"/>
        <UsageCount Value="7"/>
      </Unit27>
      <Unit28>
        <Filename Value="W:\Developer\lazarus\components\lazutils\lazloggerbase.pas"/>
        <UnitName Value="LazLoggerBase"/>
        <WindowIndex Value="0"/>
        <TopLine Value="295"/>
        <CursorPos X="1" Y="317"/>
        <UsageCount Value="7"/>
      </Unit28>
      <Unit29>
        <Filename Value="W:\Developer\lazarus\lcl\lclproc.pas"/>
        <UnitName Value="LCLProc"/>
        <WindowIndex Value="0"/>
        <TopLine Value="1611"/>
        <CursorPos X="1" Y="3148"/>
        <UsageCount Value="7"/>
      </Unit29>
      <Unit30>
        <Filename Value="W:\Developer\lazarus\lcl\graphtype.pp"/>
        <UnitName Value="GraphType"/>
        <WindowIndex Value="0"/>
        <TopLine Value="1794"/>
        <CursorPos X="1" Y="1829"/>
        <UsageCount Value="7"/>
      </Unit30>
      <Unit31>
        <Filename Value="unitdebuglogger.pas"/>
        <IsPartOfProject Value="True"/>
        <ComponentName Value="FormDebugLogger"/>
        <HasResources Value="True"/>
        <ResourceBaseClass Value="Form"/>
        <UnitName Value="unitDebugLogger"/>
        <WindowIndex Value="0"/>
        <TopLine Value="1"/>
        <CursorPos X="38" Y="14"/>
        <UsageCount Value="176"/>
      </Unit31>
      <Unit32>
        <Filename Value="unitlinuxftdi.pas"/>
        <IsPartOfProject Value="True"/>
        <UnitName Value="unitLinuxFTDI"/>
        <WindowIndex Value="0"/>
        <TopLine Value="1"/>
        <CursorPos X="82" Y="98"/>
        <UsageCount Value="174"/>
      </Unit32>
      <Unit33>
        <Filename Value="C:\lazarus\fpc\2.6.0\source\rtl\inc\systemh.inc"/>
        <WindowIndex Value="0"/>
        <TopLine Value="73"/>
        <CursorPos X="3" Y="90"/>
        <UsageCount Value="6"/>
      </Unit33>
      <Unit34>
        <Filename Value="W:\Developer\lazarus\components\synedit\synedit.pp"/>
        <UnitName Value="SynEdit"/>
        <WindowIndex Value="0"/>
        <TopLine Value="2629"/>
        <CursorPos X="21" Y="2648"/>
        <UsageCount Value="10"/>
      </Unit34>
      <Unit35>
        <Filename Value="W:\Developer\lazarus\ide\keymapping.pp"/>
        <UnitName Value="KeyMapping"/>
        <WindowIndex Value="0"/>
        <TopLine Value="1200"/>
        <CursorPos X="36" Y="1219"/>
        <UsageCount Value="9"/>
      </Unit35>
      <Unit36>
        <Filename Value="W:\Developer\lazarus\lcl\lcltype.pp"/>
        <UnitName Value="LCLType"/>
        <WindowIndex Value="0"/>
        <TopLine Value="1"/>
        <CursorPos X="3" Y="454"/>
        <UsageCount Value="9"/>
      </Unit36>
      <Unit37>
        <Filename Value="W:\Developer\lazarus\components\synedit\lazsynimm.pas"/>
        <UnitName Value="LazSynIMM"/>
        <WindowIndex Value="0"/>
        <TopLine Value="30"/>
        <CursorPos X="24" Y="49"/>
        <UsageCount Value="9"/>
      </Unit37>
      <Unit38>
        <Filename Value="W:\Developer\lazarus\components\synedit\syneditkeycmds.pp"/>
        <UnitName Value="SynEditKeyCmds"/>
        <WindowIndex Value="0"/>
        <TopLine Value="1"/>
        <CursorPos X="20" Y="38"/>
        <UsageCount Value="9"/>
      </Unit38>
      <Unit39>
        <Filename Value="W:\usr\local\share\fpcsrc\rtl\objpas\classes\classesh.inc"/>
        <WindowIndex Value="0"/>
        <TopLine Value="84"/>
        <CursorPos X="15" Y="109"/>
        <UsageCount Value="9"/>
      </Unit39>
      <Unit40>
        <Filename Value="unitabout.pas"/>
        <ComponentName Value="FormAbout"/>
        <HasResources Value="True"/>
        <ResourceBaseClass Value="Form"/>
        <UnitName Value="unitAbout"/>
        <WindowIndex Value="0"/>
        <TopLine Value="52"/>
        <CursorPos X="46" Y="75"/>
        <UsageCount Value="11"/>
      </Unit40>
      <Unit41>
        <Filename Value="C:\lazarus\fpc\2.6.0\source\rtl\objpas\classes\classesh.inc"/>
        <WindowIndex Value="0"/>
        <TopLine Value="1514"/>
        <CursorPos X="21" Y="1531"/>
        <UsageCount Value="10"/>
      </Unit41>
      <Unit42>
        <Filename Value="C:\lazarus\fpc\2.6.0\source\rtl\objpas\classes\classes.inc"/>
        <WindowIndex Value="0"/>
        <TopLine Value="141"/>
        <CursorPos X="5" Y="145"/>
        <UsageCount Value="10"/>
      </Unit42>
      <Unit43>
        <Filename Value="C:\lazarus\lcl\interfaces\win32\win32callback.inc"/>
        <WindowIndex Value="0"/>
        <TopLine Value="1082"/>
        <CursorPos X="1" Y="1099"/>
        <UsageCount Value="12"/>
      </Unit43>
      <Unit44>
        <Filename Value="C:\lazarus\lcl\include\containedaction.inc"/>
        <WindowIndex Value="0"/>
        <TopLine Value="83"/>
        <CursorPos X="62" Y="103"/>
        <UsageCount Value="11"/>
      </Unit44>
      <Unit45>
        <Filename Value="unitlogwindow.lfm"/>
        <WindowIndex Value="0"/>
        <TopLine Value="492"/>
        <CursorPos X="14" Y="498"/>
        <UsageCount Value="10"/>
        <DefaultSyntaxHighlighter Value="LFM"/>
      </Unit45>
      <Unit46>
        <Filename Value="unitmainform.lfm"/>
        <WindowIndex Value="0"/>
        <TopLine Value="1"/>
        <CursorPos X="1" Y="1"/>
        <UsageCount Value="10"/>
        <DefaultSyntaxHighlighter Value="LFM"/>
      </Unit46>
      <Unit47>
        <Filename Value="C:\lazarus\lcl\include\buttoncontrol.inc"/>
        <WindowIndex Value="0"/>
        <TopLine Value="45"/>
        <CursorPos X="1" Y="62"/>
        <UsageCount Value="11"/>
      </Unit47>
    </Units>
    <JumpHistory Count="30" HistoryIndex="29">
      <Position1>
        <Filename Value="serialport_thread.pas"/>
        <Caret Line="90" Column="1" TopLine="67"/>
      </Position1>
      <Position2>
        <Filename Value="unitmainform.pas"/>
        <Caret Line="488" Column="1" TopLine="471"/>
      </Position2>
      <Position3>
        <Filename Value="unitmainform.pas"/>
        <Caret Line="487" Column="1" TopLine="470"/>
      </Position3>
      <Position4>
        <Filename Value="unitmainform.pas"/>
        <Caret Line="486" Column="1" TopLine="469"/>
      </Position4>
      <Position5>
        <Filename Value="unitmainform.pas"/>
        <Caret Line="485" Column="1" TopLine="468"/>
      </Position5>
      <Position6>
        <Filename Value="serialport_thread.pas"/>
        <Caret Line="47" Column="1" TopLine="19"/>
      </Position6>
      <Position7>
        <Filename Value="serialport_thread.pas"/>
        <Caret Line="86" Column="2" TopLine="69"/>
      </Position7>
      <Position8>
        <Filename Value="serialport_thread.pas"/>
        <Caret Line="29" Column="1" TopLine="13"/>
      </Position8>
      <Position9>
        <Filename Value="serialport_thread.pas"/>
        <Caret Line="436" Column="1" TopLine="419"/>
      </Position9>
      <Position10>
        <Filename Value="unitmainform.pas"/>
        <Caret Line="499" Column="71" TopLine="468"/>
      </Position10>
      <Position11>
        <Filename Value="unitmainform.pas"/>
        <Caret Line="481" Column="1" TopLine="466"/>
      </Position11>
      <Position12>
        <Filename Value="unitmainform.pas"/>
        <Caret Line="646" Column="1" TopLine="629"/>
      </Position12>
      <Position13>
        <Filename Value="unitmainform.pas"/>
        <Caret Line="647" Column="21" TopLine="630"/>
      </Position13>
      <Position14>
        <Filename Value="unitmainform.pas"/>
        <Caret Line="659" Column="21" TopLine="642"/>
      </Position14>
      <Position15>
        <Filename Value="unitmainform.pas"/>
        <Caret Line="498" Column="3" TopLine="412"/>
      </Position15>
      <Position16>
        <Filename Value="unitmainform.pas"/>
        <Caret Line="662" Column="44" TopLine="645"/>
      </Position16>
      <Position17>
        <Filename Value="unitmainform.pas"/>
        <Caret Line="331" Column="3" TopLine="325"/>
      </Position17>
      <Position18>
        <Filename Value="unitmainform.pas"/>
        <Caret Line="496" Column="1" TopLine="496"/>
      </Position18>
      <Position19>
        <Filename Value="unitmainform.pas"/>
        <Caret Line="193" Column="1" TopLine="176"/>
      </Position19>
      <Position20>
        <Filename Value="unitmainform.pas"/>
        <Caret Line="316" Column="23" TopLine="313"/>
      </Position20>
      <Position21>
        <Filename Value="olcb_testmatrix.pas"/>
        <Caret Line="121" Column="35" TopLine="112"/>
      </Position21>
      <Position22>
        <Filename Value="serialport_thread.pas"/>
        <Caret Line="268" Column="95" TopLine="246"/>
      </Position22>
      <Position23>
        <Filename Value="serialport_thread.pas"/>
        <Caret Line="271" Column="71" TopLine="251"/>
      </Position23>
      <Position24>
        <Filename Value="olcb_testmatrix.pas"/>
        <Caret Line="122" Column="36" TopLine="105"/>
      </Position24>
      <Position25>
        <Filename Value="serialport_thread.pas"/>
        <Caret Line="271" Column="71" TopLine="251"/>
      </Position25>
      <Position26>
        <Filename Value="unitmainform.pas"/>
        <Caret Line="791" Column="30" TopLine="722"/>
      </Position26>
      <Position27>
        <Filename Value="unitmainform.pas"/>
        <Caret Line="790" Column="30" TopLine="757"/>
      </Position27>
      <Position28>
        <Filename Value="unitmainform.pas"/>
        <Caret Line="534" Column="44" TopLine="513"/>
      </Position28>
      <Position29>
        <Filename Value="unitmainform.pas"/>
        <Caret Line="535" Column="44" TopLine="514"/>
      </Position29>
      <Position30>
        <Filename Value="unitmainform.pas"/>
        <Caret Line="536" Column="46" TopLine="515"/>
      </Position30>
    </JumpHistory>
  </ProjectOptions>
  <CompilerOptions>
    <Version Value="11"/>
    <PathDelim Value="\"/>
    <Target>
      <Filename Value="NodeExplorer"/>
    </Target>
    <SearchPaths>
      <IncludeFiles Value="$(ProjOutDir)"/>
      <OtherUnitFiles Value="..\..\synapse40\source\lib"/>
      <UnitOutputDirectory Value="lib\$(TargetCPU)-$(TargetOS)"/>
    </SearchPaths>
    <CodeGeneration>
      <Optimizations>
        <OptimizationLevel Value="0"/>
      </Optimizations>
    </CodeGeneration>
    <Linking>
      <Debugging>
        <UseValgrind Value="True"/>
        <UseExternalDbgSyms Value="True"/>
      </Debugging>
      <Options>
        <Win32>
          <GraphicApplication Value="True"/>
        </Win32>
      </Options>
    </Linking>
    <Other>
      <CompilerMessages>
        <UseMsgFile Value="True"/>
      </CompilerMessages>
      <CustomOptions Value="-dUseCThreads
-k-macosx_version_min -k10.5
-XR/Developer/SDKs/MacOSX10.5.sdk/"/>
      <CompilerPath Value="$(CompPath)"/>
    </Other>
  </CompilerOptions>
  <Debugging>
    <BreakPoints Count="1">
      <Item1>
        <Kind Value="bpkSource"/>
        <WatchScope Value="wpsLocal"/>
        <WatchKind Value="wpkWrite"/>
        <Source Value="C:\lazarus\fpc\2.6.0\source\packages\fcl-xml\src\dom.pp"/>
        <Line Value="1463"/>
      </Item1>
    </BreakPoints>
    <Watches Count="1">
      <Item1>
        <Expression Value="FileName"/>
      </Item1>
    </Watches>
    <Exceptions Count="3">
      <Item1>
        <Name Value="EAbort"/>
      </Item1>
      <Item2>
        <Name Value="ECodetoolError"/>
      </Item2>
      <Item3>
        <Name Value="EFOpenError"/>
      </Item3>
    </Exceptions>
  </Debugging>
</CONFIG>
