<?xml version="1.0"?>
<CONFIG>
  <ProjectOptions>
    <Version Value="9"/>
    <PathDelim Value="\"/>
    <General>
      <MainUnit Value="0"/>
      <Title Value="NodeExplorer"/>
      <ResourceType Value="res"/>
      <UseXPManifest Value="True"/>
      <Icon Value="0"/>
      <ActiveWindowIndexAtStart Value="0"/>
    </General>
    <i18n>
      <EnableI18N LFM="False"/>
    </i18n>
    <VersionInfo>
      <StringTable ProductVersion=""/>
    </VersionInfo>
    <BuildModes Count="1" Active="Default">
      <Item1 Name="Default" Default="True"/>
    </BuildModes>
    <PublishOptions>
      <Version Value="2"/>
      <IncludeFileFilter Value="*.(pas|pp|inc|lfm|lpr|lrs|lpi|lpk|sh|xml)"/>
      <ExcludeFileFilter Value="*.(bak|ppu|o|so);*~;backup"/>
    </PublishOptions>
    <RunParams>
      <local>
        <FormatVersion Value="1"/>
        <LaunchingApplication PathPlusParams="\usr\bin\xterm -T 'Lazarus Run Output' -e $(LazarusDir)\tools\runwait.sh $(TargetCmdLine)"/>
      </local>
    </RunParams>
    <RequiredPackages Count="3">
      <Item1>
        <PackageName Value="RunTimeTypeInfoControls"/>
      </Item1>
      <Item2>
        <PackageName Value="SynEdit"/>
      </Item2>
      <Item3>
        <PackageName Value="LCL"/>
      </Item3>
    </RequiredPackages>
    <Units Count="32">
      <Unit0>
        <Filename Value="NodeExplorer.lpr"/>
        <IsPartOfProject Value="True"/>
        <UnitName Value="NodeExplorer"/>
        <EditorIndex Value="0"/>
        <WindowIndex Value="0"/>
        <TopLine Value="1"/>
        <CursorPos X="50" Y="13"/>
        <UsageCount Value="201"/>
        <Loaded Value="True"/>
      </Unit0>
      <Unit1>
        <Filename Value="unitmainform.pas"/>
        <IsPartOfProject Value="True"/>
        <ComponentName Value="FormMain"/>
        <HasResources Value="True"/>
        <ResourceBaseClass Value="Form"/>
        <UnitName Value="UnitMainForm"/>
        <EditorIndex Value="3"/>
        <WindowIndex Value="0"/>
        <TopLine Value="746"/>
        <CursorPos X="1" Y="768"/>
        <UsageCount Value="201"/>
        <Loaded Value="True"/>
        <LoadedDesigner Value="True"/>
      </Unit1>
      <Unit2>
        <Filename Value="unitlogwindow.pas"/>
        <IsPartOfProject Value="True"/>
        <ComponentName Value="FormLog"/>
        <HasResources Value="True"/>
        <ResourceBaseClass Value="Form"/>
        <UnitName Value="unitlogwindow"/>
        <EditorIndex Value="1"/>
        <WindowIndex Value="0"/>
        <TopLine Value="49"/>
        <CursorPos X="56" Y="86"/>
        <UsageCount Value="201"/>
        <Loaded Value="True"/>
        <LoadedDesigner Value="True"/>
      </Unit2>
      <Unit3>
        <Filename Value="Z:\synapse40\source\lib\synaser.pas"/>
        <UnitName Value="synaser"/>
        <WindowIndex Value="0"/>
        <TopLine Value="1333"/>
        <CursorPos X="31" Y="1391"/>
        <UsageCount Value="32"/>
      </Unit3>
      <Unit4>
        <Filename Value="Z:\synapse40\source\lib\synautil.pas"/>
        <UnitName Value="synautil"/>
        <WindowIndex Value="0"/>
        <TopLine Value="843"/>
        <CursorPos X="41" Y="864"/>
        <UsageCount Value="30"/>
      </Unit4>
      <Unit5>
        <Filename Value="Y:\usr\local\share\fpcsrc\rtl\unix\bunxovlh.inc"/>
        <WindowIndex Value="0"/>
        <TopLine Value="1"/>
        <CursorPos X="41" Y="15"/>
        <UsageCount Value="30"/>
      </Unit5>
      <Unit6>
        <Filename Value="Y:\usr\local\share\fpcsrc\rtl\bsd\ostypes.inc"/>
        <WindowIndex Value="0"/>
        <TopLine Value="201"/>
        <CursorPos X="41" Y="243"/>
        <UsageCount Value="30"/>
      </Unit6>
      <Unit7>
        <Filename Value="Y:\usr\local\share\fpcsrc\rtl\unix\bunxh.inc"/>
        <WindowIndex Value="0"/>
        <TopLine Value="71"/>
        <CursorPos X="15" Y="96"/>
        <UsageCount Value="30"/>
      </Unit7>
      <Unit8>
        <Filename Value="Y:\Developer\lazarus\lcl\include\control.inc"/>
        <WindowIndex Value="0"/>
        <TopLine Value="2840"/>
        <CursorPos X="1" Y="2808"/>
        <UsageCount Value="30"/>
      </Unit8>
      <Unit9>
        <Filename Value="Y:\usr\local\share\fpcsrc\rtl\darwin\termios.inc"/>
        <WindowIndex Value="0"/>
        <TopLine Value="62"/>
        <CursorPos X="30" Y="372"/>
        <UsageCount Value="30"/>
      </Unit9>
      <Unit10>
        <Filename Value="Y:\usr\local\share\fpcsrc\rtl\darwin\termio.pp"/>
        <UnitName Value="termio"/>
        <WindowIndex Value="0"/>
        <TopLine Value="1"/>
        <CursorPos X="12" Y="17"/>
        <UsageCount Value="8"/>
      </Unit10>
      <Unit11>
        <Filename Value="Y:\usr\local\share\fpcsrc\rtl\unix\baseunix.pp"/>
        <UnitName Value="BaseUnix"/>
        <WindowIndex Value="0"/>
        <TopLine Value="1"/>
        <CursorPos X="1" Y="1"/>
        <UsageCount Value="8"/>
      </Unit11>
      <Unit12>
        <Filename Value="Y:\usr\local\share\fpcsrc\rtl\unix\termiosh.inc"/>
        <WindowIndex Value="0"/>
        <TopLine Value="1"/>
        <CursorPos X="11" Y="18"/>
        <UsageCount Value="8"/>
      </Unit12>
      <Unit13>
        <Filename Value="olcb_utilities.pas"/>
        <IsPartOfProject Value="True"/>
        <UnitName Value="olcb_utilities"/>
        <EditorIndex Value="4"/>
        <WindowIndex Value="0"/>
        <TopLine Value="307"/>
        <CursorPos X="1" Y="329"/>
        <UsageCount Value="200"/>
        <Loaded Value="True"/>
      </Unit13>
      <Unit14>
        <Filename Value="olcb_stringconstants.pas"/>
        <IsPartOfProject Value="True"/>
        <UnitName Value="olcb_stringconstants"/>
        <WindowIndex Value="0"/>
        <TopLine Value="1"/>
        <CursorPos X="26" Y="1"/>
        <UsageCount Value="200"/>
      </Unit14>
      <Unit15>
        <Filename Value="unitolcb_defines.pas"/>
        <IsPartOfProject Value="True"/>
        <UnitName Value="unitolcb_defines"/>
        <EditorIndex Value="5"/>
        <WindowIndex Value="0"/>
        <TopLine Value="19"/>
        <CursorPos X="49" Y="40"/>
        <UsageCount Value="200"/>
        <Loaded Value="True"/>
      </Unit15>
      <Unit16>
        <Filename Value="unitsettings.pas"/>
        <IsPartOfProject Value="True"/>
        <ComponentName Value="FormSettings"/>
        <HasResources Value="True"/>
        <ResourceBaseClass Value="Form"/>
        <UnitName Value="unitsettings"/>
        <EditorIndex Value="2"/>
        <WindowIndex Value="0"/>
        <TopLine Value="1"/>
        <CursorPos X="56" Y="45"/>
        <UsageCount Value="245"/>
        <Loaded Value="True"/>
        <LoadedDesigner Value="True"/>
      </Unit16>
      <Unit17>
        <Filename Value="serialport_thread.pas"/>
        <IsPartOfProject Value="True"/>
        <UnitName Value="serialport_thread"/>
        <IsVisibleTab Value="True"/>
        <EditorIndex Value="6"/>
        <WindowIndex Value="0"/>
        <TopLine Value="20"/>
        <CursorPos X="5" Y="41"/>
        <UsageCount Value="209"/>
        <Loaded Value="True"/>
      </Unit17>
      <Unit18>
        <Filename Value="olcb_testmatrix.pas"/>
        <IsPartOfProject Value="True"/>
        <UnitName Value="olcb_testmatrix"/>
        <EditorIndex Value="7"/>
        <WindowIndex Value="0"/>
        <TopLine Value="290"/>
        <CursorPos X="15" Y="311"/>
        <UsageCount Value="209"/>
        <Loaded Value="True"/>
      </Unit18>
      <Unit19>
        <Filename Value="nodeexplorer_settings.pas"/>
        <IsPartOfProject Value="True"/>
        <UnitName Value="nodeexplorer_settings"/>
        <EditorIndex Value="8"/>
        <WindowIndex Value="0"/>
        <TopLine Value="117"/>
        <CursorPos X="3" Y="125"/>
        <UsageCount Value="209"/>
        <Loaded Value="True"/>
      </Unit19>
      <Unit20>
        <Filename Value="unitdebuglogger.pas"/>
        <IsPartOfProject Value="True"/>
        <ComponentName Value="FormDebugLogger"/>
        <HasResources Value="True"/>
        <ResourceBaseClass Value="Form"/>
        <UnitName Value="unitDebugLogger"/>
        <WindowIndex Value="0"/>
        <TopLine Value="1"/>
        <CursorPos X="38" Y="14"/>
        <UsageCount Value="204"/>
      </Unit20>
      <Unit21>
        <Filename Value="unitlinuxftdi.pas"/>
        <IsPartOfProject Value="True"/>
        <UnitName Value="unitLinuxFTDI"/>
        <WindowIndex Value="0"/>
        <TopLine Value="1"/>
        <CursorPos X="82" Y="98"/>
        <UsageCount Value="202"/>
      </Unit21>
      <Unit22>
        <Filename Value="C:\lazarus\fpc\2.6.0\source\rtl\objpas\classes\classesh.inc"/>
        <WindowIndex Value="0"/>
        <TopLine Value="1558"/>
        <CursorPos X="14" Y="1581"/>
        <UsageCount Value="11"/>
      </Unit22>
      <Unit23>
        <Filename Value="C:\lazarus\fpc\2.6.0\source\rtl\objpas\classes\lists.inc"/>
        <WindowIndex Value="0"/>
        <TopLine Value="294"/>
        <CursorPos X="3" Y="305"/>
        <UsageCount Value="10"/>
      </Unit23>
      <Unit24>
        <Filename Value="unitrestartnodeform.pas"/>
        <IsPartOfProject Value="True"/>
        <ComponentName Value="FormRestartNode"/>
        <HasResources Value="True"/>
        <ResourceBaseClass Value="Form"/>
        <UnitName Value="unitrestartnodeform"/>
        <WindowIndex Value="0"/>
        <TopLine Value="1"/>
        <CursorPos X="18" Y="25"/>
        <UsageCount Value="31"/>
      </Unit24>
      <Unit25>
        <Filename Value="C:\lazarus\fpc\2.6.0\source\rtl\objpas\classes\classes.inc"/>
        <WindowIndex Value="0"/>
        <TopLine Value="141"/>
        <CursorPos X="5" Y="145"/>
        <UsageCount Value="11"/>
      </Unit25>
      <Unit26>
        <Filename Value="C:\lazarus\lcl\comctrls.pp"/>
        <UnitName Value="ComCtrls"/>
        <WindowIndex Value="0"/>
        <TopLine Value="1031"/>
        <CursorPos X="14" Y="1051"/>
        <UsageCount Value="11"/>
      </Unit26>
      <Unit27>
        <Filename Value="C:\lazarus\fpc\2.6.0\source\rtl\objpas\classes\compon.inc"/>
        <WindowIndex Value="0"/>
        <TopLine Value="25"/>
        <CursorPos X="3" Y="27"/>
        <UsageCount Value="10"/>
      </Unit27>
      <Unit28>
        <Filename Value="C:\lazarus\lcl\interfaces\win32\win32callback.inc"/>
        <WindowIndex Value="0"/>
        <TopLine Value="1076"/>
        <CursorPos X="1" Y="1099"/>
        <UsageCount Value="10"/>
      </Unit28>
      <Unit29>
        <Filename Value="unitintegerlist.pas"/>
        <IsPartOfProject Value="True"/>
        <UnitName Value="unitintegerlist"/>
        <WindowIndex Value="0"/>
        <TopLine Value="74"/>
        <CursorPos X="22" Y="93"/>
        <UsageCount Value="28"/>
      </Unit29>
      <Unit30>
        <Filename Value="C:\lazarus\lcl\include\progressbar.inc"/>
        <WindowIndex Value="0"/>
        <TopLine Value="139"/>
        <CursorPos X="1" Y="167"/>
        <UsageCount Value="10"/>
      </Unit30>
      <Unit31>
        <Filename Value="W:\usr\local\share\fpcsrc\rtl\objpas\sysutils\sysstrh.inc"/>
        <WindowIndex Value="0"/>
        <TopLine Value="1"/>
        <CursorPos X="10" Y="85"/>
        <UsageCount Value="10"/>
      </Unit31>
    </Units>
    <JumpHistory Count="30" HistoryIndex="29">
      <Position1>
        <Filename Value="olcb_testmatrix.pas"/>
        <Caret Line="1146" Column="1" TopLine="1116"/>
      </Position1>
      <Position2>
        <Filename Value="olcb_testmatrix.pas"/>
        <Caret Line="1147" Column="1" TopLine="1116"/>
      </Position2>
      <Position3>
        <Filename Value="olcb_testmatrix.pas"/>
        <Caret Line="1148" Column="1" TopLine="1116"/>
      </Position3>
      <Position4>
        <Filename Value="olcb_testmatrix.pas"/>
        <Caret Line="1152" Column="1" TopLine="1117"/>
      </Position4>
      <Position5>
        <Filename Value="olcb_testmatrix.pas"/>
        <Caret Line="1158" Column="1" TopLine="1123"/>
      </Position5>
      <Position6>
        <Filename Value="olcb_testmatrix.pas"/>
        <Caret Line="1136" Column="21" TopLine="1124"/>
      </Position6>
      <Position7>
        <Filename Value="olcb_testmatrix.pas"/>
        <Caret Line="2270" Column="3" TopLine="2268"/>
      </Position7>
      <Position8>
        <Filename Value="olcb_testmatrix.pas"/>
        <Caret Line="1137" Column="1" TopLine="1116"/>
      </Position8>
      <Position9>
        <Filename Value="olcb_testmatrix.pas"/>
        <Caret Line="2270" Column="1" TopLine="2249"/>
      </Position9>
      <Position10>
        <Filename Value="olcb_testmatrix.pas"/>
        <Caret Line="2271" Column="1" TopLine="2249"/>
      </Position10>
      <Position11>
        <Filename Value="unitmainform.pas"/>
        <Caret Line="767" Column="1" TopLine="746"/>
      </Position11>
      <Position12>
        <Filename Value="unitmainform.pas"/>
        <Caret Line="768" Column="1" TopLine="746"/>
      </Position12>
      <Position13>
        <Filename Value="olcb_testmatrix.pas"/>
        <Caret Line="1143" Column="1" TopLine="1122"/>
      </Position13>
      <Position14>
        <Filename Value="unitmainform.pas"/>
        <Caret Line="768" Column="1" TopLine="746"/>
      </Position14>
      <Position15>
        <Filename Value="unitmainform.pas"/>
        <Caret Line="767" Column="1" TopLine="746"/>
      </Position15>
      <Position16>
        <Filename Value="olcb_testmatrix.pas"/>
        <Caret Line="1215" Column="54" TopLine="1189"/>
      </Position16>
      <Position17>
        <Filename Value="olcb_testmatrix.pas"/>
        <Caret Line="301" Column="15" TopLine="280"/>
      </Position17>
      <Position18>
        <Filename Value="serialport_thread.pas"/>
        <Caret Line="26" Column="80" TopLine="16"/>
      </Position18>
      <Position19>
        <Filename Value="serialport_thread.pas"/>
        <Caret Line="44" Column="35" TopLine="16"/>
      </Position19>
      <Position20>
        <Filename Value="serialport_thread.pas"/>
        <Caret Line="115" Column="68" TopLine="86"/>
      </Position20>
      <Position21>
        <Filename Value="serialport_thread.pas"/>
        <Caret Line="187" Column="29" TopLine="151"/>
      </Position21>
      <Position22>
        <Filename Value="serialport_thread.pas"/>
        <Caret Line="257" Column="30" TopLine="221"/>
      </Position22>
      <Position23>
        <Filename Value="serialport_thread.pas"/>
        <Caret Line="539" Column="11" TopLine="520"/>
      </Position23>
      <Position24>
        <Filename Value="serialport_thread.pas"/>
        <Caret Line="36" Column="16" TopLine="15"/>
      </Position24>
      <Position25>
        <Filename Value="serialport_thread.pas"/>
        <Caret Line="35" Column="1" TopLine="5"/>
      </Position25>
      <Position26>
        <Filename Value="serialport_thread.pas"/>
        <Caret Line="42" Column="35" TopLine="7"/>
      </Position26>
      <Position27>
        <Filename Value="serialport_thread.pas"/>
        <Caret Line="113" Column="68" TopLine="78"/>
      </Position27>
      <Position28>
        <Filename Value="serialport_thread.pas"/>
        <Caret Line="184" Column="107" TopLine="149"/>
      </Position28>
      <Position29>
        <Filename Value="serialport_thread.pas"/>
        <Caret Line="254" Column="109" TopLine="219"/>
      </Position29>
      <Position30>
        <Filename Value="serialport_thread.pas"/>
        <Caret Line="51" Column="19" TopLine="30"/>
      </Position30>
    </JumpHistory>
  </ProjectOptions>
  <CompilerOptions>
    <Version Value="11"/>
    <PathDelim Value="\"/>
    <Target>
      <Filename Value="NodeExplorer"/>
    </Target>
    <SearchPaths>
      <IncludeFiles Value="$(ProjOutDir)"/>
      <OtherUnitFiles Value="..\..\synapse40\source\lib"/>
      <UnitOutputDirectory Value="lib\$(TargetCPU)-$(TargetOS)"/>
    </SearchPaths>
    <CodeGeneration>
      <Optimizations>
        <OptimizationLevel Value="3"/>
      </Optimizations>
    </CodeGeneration>
    <Linking>
      <Debugging>
        <GenerateDebugInfo Value="False"/>
        <UseValgrind Value="True"/>
        <UseExternalDbgSyms Value="True"/>
      </Debugging>
      <Options>
        <Win32>
          <GraphicApplication Value="True"/>
        </Win32>
      </Options>
    </Linking>
    <Other>
      <CompilerMessages>
        <UseMsgFile Value="True"/>
      </CompilerMessages>
      <CustomOptions Value="-dUseCThreads
-k-macosx_version_min -k10.5
-XR/Developer/SDKs/MacOSX10.5.sdk/"/>
      <CompilerPath Value="$(CompPath)"/>
    </Other>
  </CompilerOptions>
  <Debugging>
    <BreakPoints Count="1">
      <Item1>
        <Kind Value="bpkSource"/>
        <WatchScope Value="wpsLocal"/>
        <WatchKind Value="wpkWrite"/>
        <Source Value="C:\lazarus\fpc\2.6.0\source\packages\fcl-xml\src\dom.pp"/>
        <Line Value="1463"/>
      </Item1>
    </BreakPoints>
    <Watches Count="2">
      <Item1>
        <Expression Value="FileName"/>
      </Item1>
      <Item2>
        <Expression Value="FMTIManager"/>
      </Item2>
    </Watches>
    <Exceptions Count="3">
      <Item1>
        <Name Value="EAbort"/>
      </Item1>
      <Item2>
        <Name Value="ECodetoolError"/>
      </Item2>
      <Item3>
        <Name Value="EFOpenError"/>
      </Item3>
    </Exceptions>
  </Debugging>
</CONFIG>
